
Microsoft Visual Studio Solution File, Format Version 12.00
# Visual Studio 15
VisualStudioVersion = 15.0.28010.2003
MinimumVisualStudioVersion = 10.0.40219.1
Project("{FAE04EC0-301F-11D3-BF4B-00C04F79EFBC}") = "ConsoleApp12", "ConsoleApp12\ConsoleApp12.csproj", "{3986D39E-78B7-4267-8AAF-496F90E003CA}"
EndProject
Global
	GlobalSection(SolutionConfigurationPlatforms) = preSolution
		Debug|Any CPU = Debug|Any CPU
		Release|Any CPU = Release|Any CPU
	EndGlobalSection
	GlobalSection(ProjectConfigurationPlatforms) = postSolution
		{3986D39E-78B7-4267-8AAF-496F90E003CA}.Debug|Any CPU.ActiveCfg = Debug|Any CPU
		{3986D39E-78B7-4267-8AAF-496F90E003CA}.Debug|Any CPU.Build.0 = Debug|Any CPU
		{3986D39E-78B7-4267-8AAF-496F90E003CA}.Release|Any CPU.ActiveCfg = Release|Any CPU
		{3986D39E-78B7-4267-8AAF-496F90E003CA}.Release|Any CPU.Build.0 = Release|Any CPU
	EndGlobalSection
	GlobalSection(SolutionProperties) = preSolution
		HideSolutionNode = FALSE
	EndGlobalSection
	GlobalSection(ExtensibilityGlobals) = postSolution
		SolutionGuid = {8B87EEF4-66CA-4756-BCB1-60A0CDA015E0}
	EndGlobalSection
EndGlobal
